
Microsoft Visual Studio Solution File, Format Version 12.00
# Visual Studio Version 17
VisualStudioVersion = 17.9.34622.214
MinimumVisualStudioVersion = 10.0.40219.1
Project("{FAE04EC0-301F-11D3-BF4B-00C04F79EFBC}") = "Lab5", "Lab5\Lab5.csproj", "{8EDC353A-3635-4FCA-BB62-A74367AFF74B}"
EndProject
Project("{FAE04EC0-301F-11D3-BF4B-00C04F79EFBC}") = "zadanie2", "..\zadanie2\zadanie2.csproj", "{0013167E-2757-4939-8869-4919B037BE45}"
EndProject
Global
	GlobalSection(SolutionConfigurationPlatforms) = preSolution
		Debug|Any CPU = Debug|Any CPU
		Release|Any CPU = Release|Any CPU
	EndGlobalSection
	GlobalSection(ProjectConfigurationPlatforms) = postSolution
		{8EDC353A-3635-4FCA-BB62-A74367AFF74B}.Debug|Any CPU.ActiveCfg = Debug|Any CPU
		{8EDC353A-3635-4FCA-BB62-A74367AFF74B}.Debug|Any CPU.Build.0 = Debug|Any CPU
		{8EDC353A-3635-4FCA-BB62-A74367AFF74B}.Release|Any CPU.ActiveCfg = Release|Any CPU
		{8EDC353A-3635-4FCA-BB62-A74367AFF74B}.Release|Any CPU.Build.0 = Release|Any CPU
		{0013167E-2757-4939-8869-4919B037BE45}.Debug|Any CPU.ActiveCfg = Debug|Any CPU
		{0013167E-2757-4939-8869-4919B037BE45}.Debug|Any CPU.Build.0 = Debug|Any CPU
		{0013167E-2757-4939-8869-4919B037BE45}.Release|Any CPU.ActiveCfg = Release|Any CPU
		{0013167E-2757-4939-8869-4919B037BE45}.Release|Any CPU.Build.0 = Release|Any CPU
	EndGlobalSection
	GlobalSection(SolutionProperties) = preSolution
		HideSolutionNode = FALSE
	EndGlobalSection
	GlobalSection(ExtensibilityGlobals) = postSolution
		SolutionGuid = {A947A997-0D2E-43EC-B412-1BFA9649AB47}
	EndGlobalSection
EndGlobal
